
Microsoft Visual Studio Solution File, Format Version 12.00
# Visual Studio Version 17
VisualStudioVersion = 17.7.34024.191
MinimumVisualStudioVersion = 10.0.40219.1
Project("{FAE04EC0-301F-11D3-BF4B-00C04F79EFBC}") = "FirstProject", "FirstProject\FirstProject.csproj", "{6B4D9DA5-02C9-45AD-8DB1-999B4205D726}"
EndProject
Global
	GlobalSection(SolutionConfigurationPlatforms) = preSolution
		Debug|Any CPU = Debug|Any CPU
		Release|Any CPU = Release|Any CPU
	EndGlobalSection
	GlobalSection(ProjectConfigurationPlatforms) = postSolution
		{6B4D9DA5-02C9-45AD-8DB1-999B4205D726}.Debug|Any CPU.ActiveCfg = Debug|Any CPU
		{6B4D9DA5-02C9-45AD-8DB1-999B4205D726}.Debug|Any CPU.Build.0 = Debug|Any CPU
		{6B4D9DA5-02C9-45AD-8DB1-999B4205D726}.Release|Any CPU.ActiveCfg = Release|Any CPU
		{6B4D9DA5-02C9-45AD-8DB1-999B4205D726}.Release|Any CPU.Build.0 = Release|Any CPU
	EndGlobalSection
	GlobalSection(SolutionProperties) = preSolution
		HideSolutionNode = FALSE
	EndGlobalSection
	GlobalSection(ExtensibilityGlobals) = postSolution
		SolutionGuid = {420E2471-73F9-4B71-B893-BF95C972FAFB}
	EndGlobalSection
EndGlobal
